{
  "version": 4,
  "terraform_version": "1.0.1",
  "serial": 5,
  "lineage": "f7d752d6-50b2-813e-5de3-0fc4d86a90cc",
  "outputs": {},
  "resources": [
    {
      "mode": "data",
      "type": "sbercloud_images_image",
      "name": "ubuntu_image",
      "provider": "provider[\"registry.terraform.io/sbercloud-terraform/sbercloud\"]",
      "instances": [
        {
          "schema_version": 0,
          "attributes": {
            "checksum": "d41d8cd98f00b204e9800998ecf8427e",
            "container_format": "bare",
            "created_at": "2020-08-18T02:23:20Z",
            "disk_format": "zvhd2",
            "file": "/v2/images/649a6095-b042-4a4c-bb37-f4670cb472a3/file",
            "id": "649a6095-b042-4a4c-bb37-f4670cb472a3",
            "metadata": {},
            "min_disk_gb": 10,
            "min_ram_mb": 1024,
            "most_recent": true,
            "name": "Ubuntu 20.04 server 64bit",
            "owner": "3332938cfd0b48549f5aa1a5f19e58e8",
            "protected": true,
            "region": null,
            "schema": "/v2/schemas/image",
            "size_bytes": 0,
            "size_max": null,
            "size_min": null,
            "sort_direction": "asc",
            "sort_key": "name",
            "status": "active",
            "tag": null,
            "updated_at": "2020-08-18T02:30:53Z",
            "visibility": "public"
          },
          "sensitive_attributes": []
        }
      ]
    },
    {
      "mode": "data",
      "type": "sbercloud_vpc_subnet",
      "name": "subnet_01",
      "provider": "provider[\"registry.terraform.io/sbercloud-terraform/sbercloud\"]",
      "instances": [
        {
          "schema_version": 0,
          "attributes": {
            "availability_zone": "",
            "cidr": "192.168.0.0/24",
            "dhcp_enable": true,
            "dns_list": [
              "100.125.13.59",
              "8.8.8.8"
            ],
            "gateway_ip": "192.168.0.1",
            "id": "64ec3d84-9f88-4e04-b9dc-63d063ff33bf",
            "ipv6_cidr": "",
            "ipv6_enable": false,
            "ipv6_gateway": "",
            "ipv6_subnet_id": "",
            "name": "ss-subnet-0",
            "primary_dns": "100.125.13.59",
            "region": "ru-moscow-1",
            "secondary_dns": "8.8.8.8",
            "status": "ACTIVE",
            "subnet_id": "52ef7848-e8b4-49ca-b36e-3d9f5a79e4b4",
            "vpc_id": "c43642c9-c1c3-4967-a68e-e3f8393faf00"
          },
          "sensitive_attributes": []
        }
      ]
    },
    {
      "mode": "managed",
      "type": "sbercloud_compute_instance",
      "name": "ecs_01",
      "provider": "provider[\"registry.terraform.io/sbercloud-terraform/sbercloud\"]",
      "instances": [
        {
          "schema_version": 0,
          "attributes": {
            "access_ip_v4": "192.168.0.118",
            "access_ip_v6": "",
            "admin_pass": "77Goga77",
            "agency_name": "",
            "auto_renew": null,
            "availability_zone": "ru-moscow-1a",
            "block_device": [],
            "charging_mode": "postPaid",
            "data_disks": [],
            "delete_disks_on_termination": null,
            "enterprise_project_id": "0",
            "flavor_id": "s6.small.1",
            "flavor_name": "s6.small.1",
            "id": "cd32448c-5ea7-4e74-9ba4-45654360da7b",
            "image_id": "649a6095-b042-4a4c-bb37-f4670cb472a3",
            "image_name": "Ubuntu 20.04 server 64bit",
            "key_pair": null,
            "metadata": null,
            "name": "myaso_ecs",
            "network": [
              {
                "access_network": false,
                "fixed_ip_v4": "192.168.0.118",
                "fixed_ip_v6": "",
                "mac": "fa:16:3e:37:cb:76",
                "name": "",
                "port": "74437ff0-0545-4623-a6d8-71078552cbbc",
                "uuid": "64ec3d84-9f88-4e04-b9dc-63d063ff33bf"
              }
            ],
            "period": null,
            "period_unit": null,
            "power_action": null,
            "public_ip": null,
            "region": "ru-moscow-1",
            "scheduler_hints": [],
            "security_group_ids": [
              "f943ca0f-83f3-4f7d-a278-c56584da742f"
            ],
            "security_groups": [
              "default"
            ],
            "status": "ACTIVE",
            "stop_before_destroy": false,
            "system_disk_id": "4f34e9ac-548a-4695-b924-904b89d11459",
            "system_disk_size": 16,
            "system_disk_type": "SAS",
            "tags": null,
            "timeouts": null,
            "user_data": null,
            "user_id": null,
            "volume_attached": [
              {
                "boot_index": 0,
                "pci_address": "0000:02:01.0",
                "size": 16,
                "type": "SAS",
                "volume_id": "4f34e9ac-548a-4695-b924-904b89d11459"
              }
            ]
          },
          "sensitive_attributes": [
            [
              {
                "type": "get_attr",
                "value": "admin_pass"
              }
            ]
          ],
          "private": "eyJlMmJmYjczMC1lY2FhLTExZTYtOGY4OC0zNDM2M2JjN2M0YzAiOnsiY3JlYXRlIjoxODAwMDAwMDAwMDAwLCJkZWxldGUiOjE4MDAwMDAwMDAwMDAsInVwZGF0ZSI6MTgwMDAwMDAwMDAwMH19",
          "dependencies": [
            "data.sbercloud_images_image.ubuntu_image",
            "data.sbercloud_vpc_subnet.subnet_01"
          ]
        }
      ]
    }
  ]
}
