{
  "version": 4,
  "terraform_version": "1.0.1",
  "serial": 8,
  "lineage": "2909fe0d-7bf8-c39c-b6f4-62eac4b93da3",
  "outputs": {},
  "resources": [
    {
      "mode": "managed",
      "type": "sbercloud_lb_loadbalancer",
      "name": "lb_1",
      "provider": "provider[\"registry.terraform.io/sbercloud-terraform/sbercloud\"]",
      "instances": [
        {
          "schema_version": 0,
          "attributes": {
            "admin_state_up": true,
            "description": "",
            "enterprise_project_id": "0",
            "flavor": "",
            "id": "f0d761a5-d4e2-4e6e-918c-b0e0be22691a",
            "loadbalancer_provider": "vlb",
            "name": "myaso_lb",
            "region": "ru-moscow-1",
            "security_group_ids": [
              "f943ca0f-83f3-4f7d-a278-c56584da742f"
            ],
            "tags": {},
            "tenant_id": "0b5a73ddd98027372f2ec00668b88856",
            "timeouts": null,
            "vip_address": "192.168.0.97",
            "vip_port_id": "33d58152-0a77-410e-9fcd-9485b6e4b47b",
            "vip_subnet_id": "52ef7848-e8b4-49ca-b36e-3d9f5a79e4b4"
          },
          "sensitive_attributes": [],
          "private": "eyJlMmJmYjczMC1lY2FhLTExZTYtOGY4OC0zNDM2M2JjN2M0YzAiOnsiY3JlYXRlIjo2MDAwMDAwMDAwMDAsImRlbGV0ZSI6MzAwMDAwMDAwMDAwLCJ1cGRhdGUiOjYwMDAwMDAwMDAwMH19"
        }
      ]
    },
    {
      "mode": "managed",
      "type": "sbercloud_networking_eip_associate",
      "name": "eip_1",
      "provider": "provider[\"registry.terraform.io/sbercloud-terraform/sbercloud\"]",
      "instances": [
        {
          "schema_version": 0,
          "attributes": {
            "id": "7cf624ed-d57e-4461-86d4-9cc467efb766",
            "port_id": "33d58152-0a77-410e-9fcd-9485b6e4b47b",
            "public_ip": "46.243.201.73",
            "region": "ru-moscow-1"
          },
          "sensitive_attributes": [],
          "private": "bnVsbA==",
          "dependencies": [
            "sbercloud_lb_loadbalancer.lb_1"
          ]
        }
      ]
    }
  ]
}
